
Microsoft Visual Studio Solution File, Format Version 12.00
# Visual Studio Version 17
VisualStudioVersion = 17.7.34031.279
MinimumVisualStudioVersion = 10.0.40219.1
Project("{9A19103F-16F7-4668-BE54-9A1E7A4F7556}") = "Lab2_24", "Lab2_24.csproj", "{416678A4-0F0C-4F10-AE94-D88AB4A33297}"
EndProject
Global
	GlobalSection(SolutionConfigurationPlatforms) = preSolution
		Debug|Any CPU = Debug|Any CPU
		Release|Any CPU = Release|Any CPU
	EndGlobalSection
	GlobalSection(ProjectConfigurationPlatforms) = postSolution
		{416678A4-0F0C-4F10-AE94-D88AB4A33297}.Debug|Any CPU.ActiveCfg = Debug|Any CPU
		{416678A4-0F0C-4F10-AE94-D88AB4A33297}.Debug|Any CPU.Build.0 = Debug|Any CPU
		{416678A4-0F0C-4F10-AE94-D88AB4A33297}.Release|Any CPU.ActiveCfg = Release|Any CPU
		{416678A4-0F0C-4F10-AE94-D88AB4A33297}.Release|Any CPU.Build.0 = Release|Any CPU
	EndGlobalSection
	GlobalSection(SolutionProperties) = preSolution
		HideSolutionNode = FALSE
	EndGlobalSection
	GlobalSection(ExtensibilityGlobals) = postSolution
		SolutionGuid = {FE8734F1-903C-4115-8001-FAE47A38A8BD}
	EndGlobalSection
EndGlobal
